
Microsoft Visual Studio Solution File, Format Version 12.00
# Visual Studio Version 16
VisualStudioVersion = 16.0.31613.86
MinimumVisualStudioVersion = 10.0.40219.1
Project("{FAE04EC0-301F-11D3-BF4B-00C04F79EFBC}") = "DATC_EmanuelCaprariu_tema6", "DATC_EmanuelCaprariu_tema6\DATC_EmanuelCaprariu_tema6.csproj", "{4FF33F3B-C004-425B-BCF9-03D6965E1F6E}"
EndProject
Project("{FAE04EC0-301F-11D3-BF4B-00C04F79EFBC}") = "DATC_EmanuelCaprariu_AzureFunction_tema6", "DATC_EmanuelCaprariu_AzureFunction_tema6\DATC_EmanuelCaprariu_AzureFunction_tema6.csproj", "{2B2E1656-C73A-4218-82B6-66791F8E9FAF}"
EndProject
Global
	GlobalSection(SolutionConfigurationPlatforms) = preSolution
		Debug|Any CPU = Debug|Any CPU
		Release|Any CPU = Release|Any CPU
	EndGlobalSection
	GlobalSection(ProjectConfigurationPlatforms) = postSolution
		{4FF33F3B-C004-425B-BCF9-03D6965E1F6E}.Debug|Any CPU.ActiveCfg = Debug|Any CPU
		{4FF33F3B-C004-425B-BCF9-03D6965E1F6E}.Debug|Any CPU.Build.0 = Debug|Any CPU
		{4FF33F3B-C004-425B-BCF9-03D6965E1F6E}.Release|Any CPU.ActiveCfg = Release|Any CPU
		{4FF33F3B-C004-425B-BCF9-03D6965E1F6E}.Release|Any CPU.Build.0 = Release|Any CPU
		{2B2E1656-C73A-4218-82B6-66791F8E9FAF}.Debug|Any CPU.ActiveCfg = Debug|Any CPU
		{2B2E1656-C73A-4218-82B6-66791F8E9FAF}.Debug|Any CPU.Build.0 = Debug|Any CPU
		{2B2E1656-C73A-4218-82B6-66791F8E9FAF}.Release|Any CPU.ActiveCfg = Release|Any CPU
		{2B2E1656-C73A-4218-82B6-66791F8E9FAF}.Release|Any CPU.Build.0 = Release|Any CPU
	EndGlobalSection
	GlobalSection(SolutionProperties) = preSolution
		HideSolutionNode = FALSE
	EndGlobalSection
	GlobalSection(ExtensibilityGlobals) = postSolution
		SolutionGuid = {A0C45064-103D-4CAE-8EC3-EF60663055B0}
	EndGlobalSection
EndGlobal
