
Microsoft Visual Studio Solution File, Format Version 12.00
# Visual Studio Version 16
VisualStudioVersion = 16.0.31613.86
MinimumVisualStudioVersion = 10.0.40219.1
Project("{FAE04EC0-301F-11D3-BF4B-00C04F79EFBC}") = "DATC_EmanuelCaprariu_tema4", "DATC_EmanuelCaprariu_tema4\DATC_EmanuelCaprariu_tema4.csproj", "{3253971D-2998-4833-86AF-48E955F28957}"
EndProject
Global
	GlobalSection(SolutionConfigurationPlatforms) = preSolution
		Debug|Any CPU = Debug|Any CPU
		Release|Any CPU = Release|Any CPU
	EndGlobalSection
	GlobalSection(ProjectConfigurationPlatforms) = postSolution
		{3253971D-2998-4833-86AF-48E955F28957}.Debug|Any CPU.ActiveCfg = Debug|Any CPU
		{3253971D-2998-4833-86AF-48E955F28957}.Debug|Any CPU.Build.0 = Debug|Any CPU
		{3253971D-2998-4833-86AF-48E955F28957}.Release|Any CPU.ActiveCfg = Release|Any CPU
		{3253971D-2998-4833-86AF-48E955F28957}.Release|Any CPU.Build.0 = Release|Any CPU
	EndGlobalSection
	GlobalSection(SolutionProperties) = preSolution
		HideSolutionNode = FALSE
	EndGlobalSection
	GlobalSection(ExtensibilityGlobals) = postSolution
		SolutionGuid = {151A593E-951E-4110-AA42-F6A0ECC33088}
	EndGlobalSection
EndGlobal
